{
  "nodes": {
    "nixpkgs": {
      "locked": {
        "lastModified": 1621386345,
        "narHash": "sha256-a2nr+1vG/R1FqXCMY/+HRgqBUnbDrrSBSO+23CA7rSY=",
        "owner": "NixOS",
        "repo": "nixpkgs",
        "rev": "3f170880861d87374daf941af7a4bd7ed1a18ee1",
        "type": "github"
      },
      "original": {
        "id": "nixpkgs",
        "type": "indirect"
      }
    },
    "root": {
      "inputs": {
        "nixpkgs": "nixpkgs",
        "utils": "utils"
      }
    },
    "utils": {
      "locked": {
        "lastModified": 1620759905,
        "narHash": "sha256-WiyWawrgmyN0EdmiHyG2V+fqReiVi8bM9cRdMaKQOFg=",
        "owner": "numtide",
        "repo": "flake-utils",
        "rev": "b543720b25df6ffdfcf9227afafc5b8c1fabfae8",
        "type": "github"
      },
      "original": {
        "owner": "numtide",
        "repo": "flake-utils",
        "type": "github"
      }
    }
  },
  "root": "root",
  "version": 7
}
